
Microsoft Visual Studio Solution File, Format Version 12.00
# Visual Studio 14
VisualStudioVersion = 14.0.22129.1
MinimumVisualStudioVersion = 10.0.40219.1
Project("{FAE04EC0-301F-11D3-BF4B-00C04F79EFBC}") = "MCT Library", "Mod Creation Tools\MCT Library.csproj", "{20D85F91-12D1-4653-A46F-E7BA53FEEC1C}"
EndProject
Project("{FAE04EC0-301F-11D3-BF4B-00C04F79EFBC}") = "MCT Installer", "MCT Installer\MCT Installer.csproj", "{24F4E2C7-6B15-4B5D-AE86-DB6BAEEEC2FF}"
	ProjectSection(ProjectDependencies) = postProject
		{20D85F91-12D1-4653-A46F-E7BA53FEEC1C} = {20D85F91-12D1-4653-A46F-E7BA53FEEC1C}
	EndProjectSection
EndProject
Project("{FAE04EC0-301F-11D3-BF4B-00C04F79EFBC}") = "MCT Tools", "MCT Tools\MCT Tools.csproj", "{FE1A503F-8B67-4D06-8BBE-FFEC7956634E}"
EndProject
Project("{2150E333-8FDC-42A3-9474-1A3956D46DE8}") = "Solution Items", "Solution Items", "{DC660323-F51F-4B40-9C5A-AC75E77B51C1}"
	ProjectSection(SolutionItems) = preProject
		LICENSE = LICENSE
		MCTT.psess = MCTT.psess
		Older changelog.txt = Older changelog.txt
		Performance1.psess = Performance1.psess
		README.md = README.md
		Version.xml = Version.xml
	EndProjectSection
EndProject
Project("{2150E333-8FDC-42A3-9474-1A3956D46DE8}") = "MCT Tools Compilers", "MCT Tools Compilers", "{C533F936-5ABB-4589-9A56-3E6BD6429850}"
EndProject
Project("{F2A71F9B-5D33-465A-A702-920D77279786}") = "FSharpCompiler", "MCT Tools Compilers\_other compilers\FSharpCompiler\FSharpCompiler.fsproj", "{48FE4F3B-8F10-485D-B725-CC42AD7E965E}"
EndProject
Project("{FAE04EC0-301F-11D3-BF4B-00C04F79EFBC}") = "Empty tAPI Mod", "Empty tAPI Mod\Empty tAPI Mod.csproj", "{D8010413-661D-4011-91DE-76EFFC13B394}"
EndProject
Project("{FAE04EC0-301F-11D3-BF4B-00C04F79EFBC}") = "MCT Tools Tests", "MCT Tools Tests\MCT Tools Tests.csproj", "{FE3B641F-6D66-4C98-9EA8-5D8A455A57B5}"
EndProject
Global
	GlobalSection(SolutionConfigurationPlatforms) = preSolution
		Debug|Any CPU = Debug|Any CPU
		Debug|Mixed Platforms = Debug|Mixed Platforms
		Debug|Win32 = Debug|Win32
		Debug|x86 = Debug|x86
		Release|Any CPU = Release|Any CPU
		Release|Mixed Platforms = Release|Mixed Platforms
		Release|Win32 = Release|Win32
		Release|x86 = Release|x86
	EndGlobalSection
	GlobalSection(ProjectConfigurationPlatforms) = postSolution
		{20D85F91-12D1-4653-A46F-E7BA53FEEC1C}.Debug|Any CPU.ActiveCfg = Debug|Any CPU
		{20D85F91-12D1-4653-A46F-E7BA53FEEC1C}.Debug|Any CPU.Build.0 = Debug|Any CPU
		{20D85F91-12D1-4653-A46F-E7BA53FEEC1C}.Debug|Mixed Platforms.ActiveCfg = Debug|Any CPU
		{20D85F91-12D1-4653-A46F-E7BA53FEEC1C}.Debug|Mixed Platforms.Build.0 = Debug|Any CPU
		{20D85F91-12D1-4653-A46F-E7BA53FEEC1C}.Debug|Win32.ActiveCfg = Debug|Any CPU
		{20D85F91-12D1-4653-A46F-E7BA53FEEC1C}.Debug|x86.ActiveCfg = Debug|Any CPU
		{20D85F91-12D1-4653-A46F-E7BA53FEEC1C}.Release|Any CPU.ActiveCfg = Release|Any CPU
		{20D85F91-12D1-4653-A46F-E7BA53FEEC1C}.Release|Any CPU.Build.0 = Release|Any CPU
		{20D85F91-12D1-4653-A46F-E7BA53FEEC1C}.Release|Mixed Platforms.ActiveCfg = Release|Any CPU
		{20D85F91-12D1-4653-A46F-E7BA53FEEC1C}.Release|Mixed Platforms.Build.0 = Release|Any CPU
		{20D85F91-12D1-4653-A46F-E7BA53FEEC1C}.Release|Win32.ActiveCfg = Release|Any CPU
		{20D85F91-12D1-4653-A46F-E7BA53FEEC1C}.Release|x86.ActiveCfg = Release|Any CPU
		{24F4E2C7-6B15-4B5D-AE86-DB6BAEEEC2FF}.Debug|Any CPU.ActiveCfg = Debug|Any CPU
		{24F4E2C7-6B15-4B5D-AE86-DB6BAEEEC2FF}.Debug|Any CPU.Build.0 = Debug|Any CPU
		{24F4E2C7-6B15-4B5D-AE86-DB6BAEEEC2FF}.Debug|Mixed Platforms.ActiveCfg = Debug|Any CPU
		{24F4E2C7-6B15-4B5D-AE86-DB6BAEEEC2FF}.Debug|Mixed Platforms.Build.0 = Debug|Any CPU
		{24F4E2C7-6B15-4B5D-AE86-DB6BAEEEC2FF}.Debug|Win32.ActiveCfg = Debug|Any CPU
		{24F4E2C7-6B15-4B5D-AE86-DB6BAEEEC2FF}.Debug|x86.ActiveCfg = Debug|Any CPU
		{24F4E2C7-6B15-4B5D-AE86-DB6BAEEEC2FF}.Release|Any CPU.ActiveCfg = Release|Any CPU
		{24F4E2C7-6B15-4B5D-AE86-DB6BAEEEC2FF}.Release|Any CPU.Build.0 = Release|Any CPU
		{24F4E2C7-6B15-4B5D-AE86-DB6BAEEEC2FF}.Release|Mixed Platforms.ActiveCfg = Release|Any CPU
		{24F4E2C7-6B15-4B5D-AE86-DB6BAEEEC2FF}.Release|Mixed Platforms.Build.0 = Release|Any CPU
		{24F4E2C7-6B15-4B5D-AE86-DB6BAEEEC2FF}.Release|Win32.ActiveCfg = Release|Any CPU
		{24F4E2C7-6B15-4B5D-AE86-DB6BAEEEC2FF}.Release|x86.ActiveCfg = Release|Any CPU
		{FE1A503F-8B67-4D06-8BBE-FFEC7956634E}.Debug|Any CPU.ActiveCfg = Debug|Any CPU
		{FE1A503F-8B67-4D06-8BBE-FFEC7956634E}.Debug|Any CPU.Build.0 = Debug|Any CPU
		{FE1A503F-8B67-4D06-8BBE-FFEC7956634E}.Debug|Mixed Platforms.ActiveCfg = Debug|Any CPU
		{FE1A503F-8B67-4D06-8BBE-FFEC7956634E}.Debug|Mixed Platforms.Build.0 = Debug|Any CPU
		{FE1A503F-8B67-4D06-8BBE-FFEC7956634E}.Debug|Win32.ActiveCfg = Debug|Any CPU
		{FE1A503F-8B67-4D06-8BBE-FFEC7956634E}.Debug|x86.ActiveCfg = Debug|Any CPU
		{FE1A503F-8B67-4D06-8BBE-FFEC7956634E}.Release|Any CPU.ActiveCfg = Release|Any CPU
		{FE1A503F-8B67-4D06-8BBE-FFEC7956634E}.Release|Any CPU.Build.0 = Release|Any CPU
		{FE1A503F-8B67-4D06-8BBE-FFEC7956634E}.Release|Mixed Platforms.ActiveCfg = Release|Any CPU
		{FE1A503F-8B67-4D06-8BBE-FFEC7956634E}.Release|Mixed Platforms.Build.0 = Release|Any CPU
		{FE1A503F-8B67-4D06-8BBE-FFEC7956634E}.Release|Win32.ActiveCfg = Release|Any CPU
		{FE1A503F-8B67-4D06-8BBE-FFEC7956634E}.Release|x86.ActiveCfg = Release|Any CPU
		{48FE4F3B-8F10-485D-B725-CC42AD7E965E}.Debug|Any CPU.ActiveCfg = Debug|Any CPU
		{48FE4F3B-8F10-485D-B725-CC42AD7E965E}.Debug|Any CPU.Build.0 = Debug|Any CPU
		{48FE4F3B-8F10-485D-B725-CC42AD7E965E}.Debug|Mixed Platforms.ActiveCfg = Debug|Any CPU
		{48FE4F3B-8F10-485D-B725-CC42AD7E965E}.Debug|Mixed Platforms.Build.0 = Debug|Any CPU
		{48FE4F3B-8F10-485D-B725-CC42AD7E965E}.Debug|Win32.ActiveCfg = Debug|Any CPU
		{48FE4F3B-8F10-485D-B725-CC42AD7E965E}.Debug|x86.ActiveCfg = Debug|Any CPU
		{48FE4F3B-8F10-485D-B725-CC42AD7E965E}.Release|Any CPU.ActiveCfg = Release|Any CPU
		{48FE4F3B-8F10-485D-B725-CC42AD7E965E}.Release|Any CPU.Build.0 = Release|Any CPU
		{48FE4F3B-8F10-485D-B725-CC42AD7E965E}.Release|Mixed Platforms.ActiveCfg = Release|Any CPU
		{48FE4F3B-8F10-485D-B725-CC42AD7E965E}.Release|Mixed Platforms.Build.0 = Release|Any CPU
		{48FE4F3B-8F10-485D-B725-CC42AD7E965E}.Release|Win32.ActiveCfg = Release|Any CPU
		{48FE4F3B-8F10-485D-B725-CC42AD7E965E}.Release|x86.ActiveCfg = Release|Any CPU
		{D8010413-661D-4011-91DE-76EFFC13B394}.Debug|Any CPU.ActiveCfg = Debug|Any CPU
		{D8010413-661D-4011-91DE-76EFFC13B394}.Debug|Mixed Platforms.ActiveCfg = Debug|Any CPU
		{D8010413-661D-4011-91DE-76EFFC13B394}.Debug|Win32.ActiveCfg = Debug|Any CPU
		{D8010413-661D-4011-91DE-76EFFC13B394}.Debug|x86.ActiveCfg = Debug|Any CPU
		{D8010413-661D-4011-91DE-76EFFC13B394}.Release|Any CPU.ActiveCfg = Release|Any CPU
		{D8010413-661D-4011-91DE-76EFFC13B394}.Release|Mixed Platforms.ActiveCfg = Release|Any CPU
		{D8010413-661D-4011-91DE-76EFFC13B394}.Release|Win32.ActiveCfg = Release|Any CPU
		{D8010413-661D-4011-91DE-76EFFC13B394}.Release|x86.ActiveCfg = Release|Any CPU
		{FE3B641F-6D66-4C98-9EA8-5D8A455A57B5}.Debug|Any CPU.ActiveCfg = Debug|Any CPU
		{FE3B641F-6D66-4C98-9EA8-5D8A455A57B5}.Debug|Any CPU.Build.0 = Debug|Any CPU
		{FE3B641F-6D66-4C98-9EA8-5D8A455A57B5}.Debug|Mixed Platforms.ActiveCfg = Debug|Any CPU
		{FE3B641F-6D66-4C98-9EA8-5D8A455A57B5}.Debug|Mixed Platforms.Build.0 = Debug|Any CPU
		{FE3B641F-6D66-4C98-9EA8-5D8A455A57B5}.Debug|Win32.ActiveCfg = Debug|Any CPU
		{FE3B641F-6D66-4C98-9EA8-5D8A455A57B5}.Debug|x86.ActiveCfg = Debug|Any CPU
		{FE3B641F-6D66-4C98-9EA8-5D8A455A57B5}.Release|Any CPU.ActiveCfg = Release|Any CPU
		{FE3B641F-6D66-4C98-9EA8-5D8A455A57B5}.Release|Any CPU.Build.0 = Release|Any CPU
		{FE3B641F-6D66-4C98-9EA8-5D8A455A57B5}.Release|Mixed Platforms.ActiveCfg = Release|Any CPU
		{FE3B641F-6D66-4C98-9EA8-5D8A455A57B5}.Release|Mixed Platforms.Build.0 = Release|Any CPU
		{FE3B641F-6D66-4C98-9EA8-5D8A455A57B5}.Release|Win32.ActiveCfg = Release|Any CPU
		{FE3B641F-6D66-4C98-9EA8-5D8A455A57B5}.Release|x86.ActiveCfg = Release|Any CPU
	EndGlobalSection
	GlobalSection(SolutionProperties) = preSolution
		HideSolutionNode = FALSE
	EndGlobalSection
	GlobalSection(NestedProjects) = preSolution
		{48FE4F3B-8F10-485D-B725-CC42AD7E965E} = {C533F936-5ABB-4589-9A56-3E6BD6429850}
	EndGlobalSection
EndGlobal
